PODS:
  - ASValueTrackingSlider (0.12.1)
  - Charts (3.0.1):
    - Charts/Core (= 3.0.1)
  - Charts/Core (3.0.1)
  - Firebase/AdMob (3.12.0):
    - Firebase/Core
    - Google-Mobile-Ads-SDK (= 7.17.0)
  - Firebase/Core (3.12.0):
    - FirebaseAnalytics (= 3.6.0)
    - FirebaseCore (= 3.4.7)
  - FirebaseAnalytics (3.6.0):
    - FirebaseCore (~> 3.4)
    - FirebaseInstanceID (~> 1.0)
    - GoogleInterchangeUtilities (~> 1.2)
    - GoogleSymbolUtilities (~> 1.1)
    - GoogleToolboxForMac/NSData+zlib (~> 2.1)
  - FirebaseCore (3.4.7):
    - GoogleInterchangeUtilities (~> 1.2)
    - GoogleSymbolUtilities (~> 1.1)
    - GoogleToolboxForMac/NSData+zlib (~> 2.1)
  - FirebaseInstanceID (1.0.8)
  - FMDB (2.6.2):
    - FMDB/standard (= 2.6.2)
  - FMDB/standard (2.6.2)
  - Google-Mobile-Ads-SDK (7.17.0)
  - GoogleInterchangeUtilities (1.2.2):
    - GoogleSymbolUtilities (~> 1.1)
  - GoogleSymbolUtilities (1.1.2)
  - GoogleToolboxForMac/Defines (2.1.1)
  - GoogleToolboxForMac/NSData+zlib (2.1.1):
    - GoogleToolboxForMac/Defines (= 2.1.1)
  - lz4 (128)
  - ReachabilitySwift (3)
  - SDWebImage (4.0.0):
    - SDWebImage/Core (= 4.0.0)
  - SDWebImage/Core (4.0.0)
  - SnapKit (3.1.2)
  - SwiftyJSON (3.1.4)
  - TTGTagCollectionView (1.3.2)
  - ZKCornerRadiusView (0.0.4)
  - ZKDrawerController (0.0.9):
    - SnapKit

DEPENDENCIES:
  - ASValueTrackingSlider
  - Charts
  - Firebase/AdMob
  - Firebase/Core
  - FMDB
  - lz4
  - ReachabilitySwift
  - SDWebImage
  - SnapKit
  - SwiftyJSON
  - TTGTagCollectionView
  - ZKCornerRadiusView
  - ZKDrawerController

SPEC CHECKSUMS:
  ASValueTrackingSlider: 5261de3fcf00adb339efc93885e8f0bc99e703cd
  Charts: 0e84f4418e87dad6a9edde221fba37ebb51d3ba7
  Firebase: 8e99eb1ff553ad5bcc6072cc3d925bb89c1244d6
  FirebaseAnalytics: 9c67af0ebeb8d2146c9b4ea2616439affa947b58
  FirebaseCore: 46afaf2c2e0419ea7d3acfb08cf26a461a75fe85
  FirebaseInstanceID: ba1e640935235e5fac39dfa816fe7660e72e1a8a
  FMDB: 854a0341b4726e53276f2a8996f06f1b80f9259a
  Google-Mobile-Ads-SDK: a8bf4211624999b73e4184be516f94770b139525
  GoogleInterchangeUtilities: d5bc4d88d5b661ab72f9d70c58d02ca8c27ad1f7
  GoogleSymbolUtilities: 631ee17048aa5e9ab133470d768ea997a5ef9b96
  GoogleToolboxForMac: 8e329f1b599f2512c6b10676d45736bcc2cbbeb0
  lz4: 5e066195ca751d552becaa026f8fe213ff738adf
  ReachabilitySwift: f5b9bb30a0777fac8f09ce8b067e32faeb29bb64
  SDWebImage: 76a6348bdc74eb5a55dd08a091ef298e56b55e41
  SnapKit: 12b24f569cb7c143acc9c22b9d91b23e7b1c84a2
  SwiftyJSON: c2842d878f95482ffceec5709abc3d05680c0220
  TTGTagCollectionView: ec52d52f94eb978fbbd3ea9b61be522da3c6abb3
  ZKCornerRadiusView: 98ceb50e82494f97be5f163fa20d0e5b21749ebd
  ZKDrawerController: 94eb4082cf2456fee03adbf7963b8a501c923125

PODFILE CHECKSUM: da792f4b63ef28ddc122342f11acfec5223d1c75

COCOAPODS: 1.2.0
