PODS:
  - Charts (3.0.3):
    - Charts/Core (= 3.0.3)
  - Charts/Core (3.0.3)
  - DynamicColor (3.3)
  - EasyTipView (1.0.2)
  - FMDB (2.7.2):
    - FMDB/standard (= 2.7.2)
  - FMDB/standard (2.7.2)
  - ImageViewer (4.1.0)
  - lz4 (128)
  - ReachabilitySwift (3)
  - SDWebImage (4.1.0):
    - SDWebImage/Core (= 4.1.0)
  - SDWebImage/Core (4.1.0)
  - SnapKit (4.0.0)
  - SwiftyJSON (3.1.4)
  - TTGTagCollectionView (1.6.1)
  - ZKCornerRadiusView (0.1.0)
  - ZKDrawerController (0.3.0):
    - SnapKit
  - ZKPageViewController (0.0.5):
    - DynamicColor
    - SnapKit

DEPENDENCIES:
  - Charts (= 3.0.3)
  - DynamicColor
  - EasyTipView
  - FMDB
  - ImageViewer (from `https://github.com/leviouss/ImageViewer.git`)
  - lz4
  - ReachabilitySwift
  - SDWebImage
  - SnapKit
  - SwiftyJSON
  - TTGTagCollectionView
  - ZKCornerRadiusView
  - ZKDrawerController
  - ZKPageViewController

EXTERNAL SOURCES:
  ImageViewer:
    :git: https://github.com/leviouss/ImageViewer.git

CHECKOUT OPTIONS:
  ImageViewer:
    :commit: 60a8f8eea30e27573f1c542f2b0287321c091edd
    :git: https://github.com/leviouss/ImageViewer.git

SPEC CHECKSUMS:
  Charts: bcde37724c161958c1438dd4883971fcb2d50c06
  DynamicColor: 3cdaa1e01c16e93ba744e0630f768373e0fc7a7d
  EasyTipView: b93a19be981cc2221d6d7191d49872f547e0bebf
  FMDB: 6198a90e7b6900cfc046e6bc0ef6ebb7be9236aa
  ImageViewer: 1b1fd505659cb88d9358d76accb1d58a6d8f073d
  lz4: 5e066195ca751d552becaa026f8fe213ff738adf
  ReachabilitySwift: f5b9bb30a0777fac8f09ce8b067e32faeb29bb64
  SDWebImage: 0e435c14e402a6730315a0fb79f95e68654d55a4
  SnapKit: a42d492c16e80209130a3379f73596c3454b7694
  SwiftyJSON: c2842d878f95482ffceec5709abc3d05680c0220
  TTGTagCollectionView: 828087136810b786ce8c30c89acf3877cccb0383
  ZKCornerRadiusView: fbe9e51aea9b9847663406a841ae0e0951e1657b
  ZKDrawerController: 7fd2566f0fbce8aa5e4be8a445d0975a01b28313
  ZKPageViewController: 7cb999246c7062767ad84f49398a8fe02400d8aa

PODFILE CHECKSUM: 1f2fbe0e7769a037684c8e583b5c255cd7e8dea1

COCOAPODS: 1.4.0.beta.1
